{
  "name": "microcouch-js",
  "version": "1.0.0",
  "lockfileVersion": 1,
  "requires": true,
  "dependencies": {
    "pouchdb-merge": {
      "version": "7.3.0",
      "resolved": "https://registry.npmjs.org/pouchdb-merge/-/pouchdb-merge-7.3.0.tgz",
      "integrity": "sha512-E7LmchMzwYFm6V8OBxejzARLisanpksOju2LEfuiYnotGfNDeW7MByP0qBH0/zF8BfUyyjA1cl7ByaEpsapkeQ==",
      "dev": true
    }
  }
}
